// !$*UTF8*$!
{
	archiveVersion = 1;
	classes = {
	};
	objectVersion = 50;
	objects = {

/* Begin PBXBuildFile section */
		396804942231367C00DB8273 /* Model.swift in Sources */ = {isa = PBXBuildFile; fileRef = 396804932231367C00DB8273 /* Model.swift */; };
		396804972231369300DB8273 /* Declarative.swift in Sources */ = {isa = PBXBuildFile; fileRef = 396804952231369300DB8273 /* Declarative.swift */; };
		396804982231369300DB8273 /* Chunk.swift in Sources */ = {isa = PBXBuildFile; fileRef = 396804962231369300DB8273 /* Chunk.swift */; };
		3968049E223138A200DB8273 /* Production.swift in Sources */ = {isa = PBXBuildFile; fileRef = 39680499223138A200DB8273 /* Production.swift */; };
		3968049F223138A200DB8273 /* BufferCondition.swift in Sources */ = {isa = PBXBuildFile; fileRef = 3968049A223138A200DB8273 /* BufferCondition.swift */; };
		396804A0223138A200DB8273 /* BufferAction.swift in Sources */ = {isa = PBXBuildFile; fileRef = 3968049B223138A200DB8273 /* BufferAction.swift */; };
		396804A1223138A200DB8273 /* Temporal.swift in Sources */ = {isa = PBXBuildFile; fileRef = 3968049C223138A200DB8273 /* Temporal.swift */; };
		396804A2223138A200DB8273 /* Procedural.swift in Sources */ = {isa = PBXBuildFile; fileRef = 3968049D223138A200DB8273 /* Procedural.swift */; };
		396804A4223139E100DB8273 /* Parser.swift in Sources */ = {isa = PBXBuildFile; fileRef = 396804A3223139E100DB8273 /* Parser.swift */; };
		396804A722313A2A00DB8273 /* Vision.swift in Sources */ = {isa = PBXBuildFile; fileRef = 396804A522313A2900DB8273 /* Vision.swift */; };
		396804A822313A2A00DB8273 /* Support.swift in Sources */ = {isa = PBXBuildFile; fileRef = 396804A622313A2900DB8273 /* Support.swift */; };
		396804AA22313E8200DB8273 /* Instantiation.swift in Sources */ = {isa = PBXBuildFile; fileRef = 396804A922313E8200DB8273 /* Instantiation.swift */; };
		396804AE2231462500DB8273 /* SlotCondition.swift in Sources */ = {isa = PBXBuildFile; fileRef = 396804AB2231462500DB8273 /* SlotCondition.swift */; };
		396804AF2231462500DB8273 /* Tokenizer.swift in Sources */ = {isa = PBXBuildFile; fileRef = 396804AC2231462500DB8273 /* Tokenizer.swift */; };
		396804B02231462500DB8273 /* SlotAction.swift in Sources */ = {isa = PBXBuildFile; fileRef = 396804AD2231462500DB8273 /* SlotAction.swift */; };
		39A4268B225363B600B1E9E0 /* hostage_soundtrack.wav in Resources */ = {isa = PBXBuildFile; fileRef = 39A4268D225363B600B1E9E0 /* hostage_soundtrack.wav */; };
		39A4269822536B4300B1E9E0 /* free1.wav in Resources */ = {isa = PBXBuildFile; fileRef = 39A4269A22536B4300B1E9E0 /* free1.wav */; };
		39A4269B22536B4600B1E9E0 /* free2.wav in Resources */ = {isa = PBXBuildFile; fileRef = 39A4269D22536B4600B1E9E0 /* free2.wav */; };
		39A4269E22536B4C00B1E9E0 /* free3.wav in Resources */ = {isa = PBXBuildFile; fileRef = 39A426A022536B4C00B1E9E0 /* free3.wav */; };
		39A426A122536B4F00B1E9E0 /* free4.wav in Resources */ = {isa = PBXBuildFile; fileRef = 39A426A322536B4F00B1E9E0 /* free4.wav */; };
		39A426A422536B5300B1E9E0 /* free5.wav in Resources */ = {isa = PBXBuildFile; fileRef = 39A426A622536B5300B1E9E0 /* free5.wav */; };
		39A426B322536B6700B1E9E0 /* die1.wav in Resources */ = {isa = PBXBuildFile; fileRef = 39A426B522536B6700B1E9E0 /* die1.wav */; };
		39A426B622536B6B00B1E9E0 /* die2.wav in Resources */ = {isa = PBXBuildFile; fileRef = 39A426B822536B6B00B1E9E0 /* die2.wav */; };
		39A426B922536B6E00B1E9E0 /* die3.wav in Resources */ = {isa = PBXBuildFile; fileRef = 39A426BB22536B6E00B1E9E0 /* die3.wav */; };
		39A426BC22536B7100B1E9E0 /* die4.wav in Resources */ = {isa = PBXBuildFile; fileRef = 39A426BE22536B7100B1E9E0 /* die4.wav */; };
		39A426BF22536B7400B1E9E0 /* die5.wav in Resources */ = {isa = PBXBuildFile; fileRef = 39A426C122536B7400B1E9E0 /* die5.wav */; };
		39A426C222536B7700B1E9E0 /* die6.wav in Resources */ = {isa = PBXBuildFile; fileRef = 39A426C422536B7700B1E9E0 /* die6.wav */; };
		9116AEA5222E92F300F2A6C9 /* Game.swift in Sources */ = {isa = PBXBuildFile; fileRef = 9116AEA4222E92F300F2A6C9 /* Game.swift */; };
		912D77702229285A00E43851 /* AppDelegate.swift in Sources */ = {isa = PBXBuildFile; fileRef = 912D776F2229285A00E43851 /* AppDelegate.swift */; };
		912D77722229285A00E43851 /* ViewController.swift in Sources */ = {isa = PBXBuildFile; fileRef = 912D77712229285A00E43851 /* ViewController.swift */; };
		912D77752229285A00E43851 /* Main.storyboard in Resources */ = {isa = PBXBuildFile; fileRef = 912D77732229285A00E43851 /* Main.storyboard */; };
		912D77772229285A00E43851 /* Assets.xcassets in Resources */ = {isa = PBXBuildFile; fileRef = 912D77762229285A00E43851 /* Assets.xcassets */; };
		912D777A2229285A00E43851 /* LaunchScreen.storyboard in Resources */ = {isa = PBXBuildFile; fileRef = 912D77782229285A00E43851 /* LaunchScreen.storyboard */; };
		912D77852229285B00E43851 /* HostageTests.swift in Sources */ = {isa = PBXBuildFile; fileRef = 912D77842229285B00E43851 /* HostageTests.swift */; };
		912D77902229285B00E43851 /* HostageUITests.swift in Sources */ = {isa = PBXBuildFile; fileRef = 912D778F2229285B00E43851 /* HostageUITests.swift */; };
/* End PBXBuildFile section */

/* Begin PBXContainerItemProxy section */
		912D77812229285B00E43851 /* PBXContainerItemProxy */ = {
			isa = PBXContainerItemProxy;
			containerPortal = 912D77642229285A00E43851 /* Project object */;
			proxyType = 1;
			remoteGlobalIDString = 912D776B2229285A00E43851;
			remoteInfo = Hostage;
		};
		912D778C2229285B00E43851 /* PBXContainerItemProxy */ = {
			isa = PBXContainerItemProxy;
			containerPortal = 912D77642229285A00E43851 /* Project object */;
			proxyType = 1;
			remoteGlobalIDString = 912D776B2229285A00E43851;
			remoteInfo = Hostage;
		};
/* End PBXContainerItemProxy section */

/* Begin PBXFileReference section */
		396804932231367C00DB8273 /* Model.swift */ = {isa = PBXFileReference; fileEncoding = 4; lastKnownFileType = sourcecode.swift; path = Model.swift; sourceTree = "<group>"; };
		396804952231369300DB8273 /* Declarative.swift */ = {isa = PBXFileReference; fileEncoding = 4; lastKnownFileType = sourcecode.swift; path = Declarative.swift; sourceTree = "<group>"; };
		396804962231369300DB8273 /* Chunk.swift */ = {isa = PBXFileReference; fileEncoding = 4; lastKnownFileType = sourcecode.swift; path = Chunk.swift; sourceTree = "<group>"; };
		39680499223138A200DB8273 /* Production.swift */ = {isa = PBXFileReference; fileEncoding = 4; lastKnownFileType = sourcecode.swift; path = Production.swift; sourceTree = "<group>"; };
		3968049A223138A200DB8273 /* BufferCondition.swift */ = {isa = PBXFileReference; fileEncoding = 4; lastKnownFileType = sourcecode.swift; path = BufferCondition.swift; sourceTree = "<group>"; };
		3968049B223138A200DB8273 /* BufferAction.swift */ = {isa = PBXFileReference; fileEncoding = 4; lastKnownFileType = sourcecode.swift; path = BufferAction.swift; sourceTree = "<group>"; };
		3968049C223138A200DB8273 /* Temporal.swift */ = {isa = PBXFileReference; fileEncoding = 4; lastKnownFileType = sourcecode.swift; path = Temporal.swift; sourceTree = "<group>"; };
		3968049D223138A200DB8273 /* Procedural.swift */ = {isa = PBXFileReference; fileEncoding = 4; lastKnownFileType = sourcecode.swift; path = Procedural.swift; sourceTree = "<group>"; };
		396804A3223139E100DB8273 /* Parser.swift */ = {isa = PBXFileReference; fileEncoding = 4; lastKnownFileType = sourcecode.swift; path = Parser.swift; sourceTree = "<group>"; };
		396804A522313A2900DB8273 /* Vision.swift */ = {isa = PBXFileReference; fileEncoding = 4; lastKnownFileType = sourcecode.swift; path = Vision.swift; sourceTree = "<group>"; };
		396804A622313A2900DB8273 /* Support.swift */ = {isa = PBXFileReference; fileEncoding = 4; lastKnownFileType = sourcecode.swift; path = Support.swift; sourceTree = "<group>"; };
		396804A922313E8200DB8273 /* Instantiation.swift */ = {isa = PBXFileReference; fileEncoding = 4; lastKnownFileType = sourcecode.swift; path = Instantiation.swift; sourceTree = "<group>"; };
		396804AB2231462500DB8273 /* SlotCondition.swift */ = {isa = PBXFileReference; fileEncoding = 4; lastKnownFileType = sourcecode.swift; path = SlotCondition.swift; sourceTree = "<group>"; };
		396804AC2231462500DB8273 /* Tokenizer.swift */ = {isa = PBXFileReference; fileEncoding = 4; lastKnownFileType = sourcecode.swift; path = Tokenizer.swift; sourceTree = "<group>"; };
		396804AD2231462500DB8273 /* SlotAction.swift */ = {isa = PBXFileReference; fileEncoding = 4; lastKnownFileType = sourcecode.swift; path = SlotAction.swift; sourceTree = "<group>"; };
		39A4268C225363B600B1E9E0 /* Base */ = {isa = PBXFileReference; lastKnownFileType = audio.wav; name = Base; path = Base.lproj/hostage_soundtrack.wav; sourceTree = "<group>"; };
		39A4269922536B4300B1E9E0 /* Base */ = {isa = PBXFileReference; lastKnownFileType = audio.wav; name = Base; path = Base.lproj/free1.wav; sourceTree = "<group>"; };
		39A4269C22536B4600B1E9E0 /* Base */ = {isa = PBXFileReference; lastKnownFileType = audio.wav; name = Base; path = Base.lproj/free2.wav; sourceTree = "<group>"; };
		39A4269F22536B4C00B1E9E0 /* Base */ = {isa = PBXFileReference; lastKnownFileType = audio.wav; name = Base; path = Base.lproj/free3.wav; sourceTree = "<group>"; };
		39A426A222536B4F00B1E9E0 /* Base */ = {isa = PBXFileReference; lastKnownFileType = audio.wav; name = Base; path = Base.lproj/free4.wav; sourceTree = "<group>"; };
		39A426A522536B5300B1E9E0 /* Base */ = {isa = PBXFileReference; lastKnownFileType = audio.wav; name = Base; path = Base.lproj/free5.wav; sourceTree = "<group>"; };
		39A426B422536B6700B1E9E0 /* Base */ = {isa = PBXFileReference; lastKnownFileType = audio.wav; name = Base; path = Base.lproj/die1.wav; sourceTree = "<group>"; };
		39A426B722536B6B00B1E9E0 /* Base */ = {isa = PBXFileReference; lastKnownFileType = audio.wav; name = Base; path = Base.lproj/die2.wav; sourceTree = "<group>"; };
		39A426BA22536B6E00B1E9E0 /* Base */ = {isa = PBXFileReference; lastKnownFileType = audio.wav; name = Base; path = Base.lproj/die3.wav; sourceTree = "<group>"; };
		39A426BD22536B7100B1E9E0 /* Base */ = {isa = PBXFileReference; lastKnownFileType = audio.wav; name = Base; path = Base.lproj/die4.wav; sourceTree = "<group>"; };
		39A426C022536B7400B1E9E0 /* Base */ = {isa = PBXFileReference; lastKnownFileType = audio.wav; name = Base; path = Base.lproj/die5.wav; sourceTree = "<group>"; };
		39A426C322536B7700B1E9E0 /* Base */ = {isa = PBXFileReference; lastKnownFileType = audio.wav; name = Base; path = Base.lproj/die6.wav; sourceTree = "<group>"; };
		9116AEA4222E92F300F2A6C9 /* Game.swift */ = {isa = PBXFileReference; lastKnownFileType = sourcecode.swift; path = Game.swift; sourceTree = "<group>"; };
		912D776C2229285A00E43851 /* Hostage.app */ = {isa = PBXFileReference; explicitFileType = wrapper.application; includeInIndex = 0; path = Hostage.app; sourceTree = BUILT_PRODUCTS_DIR; };
		912D776F2229285A00E43851 /* AppDelegate.swift */ = {isa = PBXFileReference; lastKnownFileType = sourcecode.swift; path = AppDelegate.swift; sourceTree = "<group>"; };
		912D77712229285A00E43851 /* ViewController.swift */ = {isa = PBXFileReference; lastKnownFileType = sourcecode.swift; path = ViewController.swift; sourceTree = "<group>"; };
		912D77742229285A00E43851 /* Base */ = {isa = PBXFileReference; lastKnownFileType = file.storyboard; name = Base; path = Base.lproj/Main.storyboard; sourceTree = "<group>"; };
		912D77762229285A00E43851 /* Assets.xcassets */ = {isa = PBXFileReference; lastKnownFileType = folder.assetcatalog; path = Assets.xcassets; sourceTree = "<group>"; };
		912D77792229285A00E43851 /* Base */ = {isa = PBXFileReference; lastKnownFileType = file.storyboard; name = Base; path = Base.lproj/LaunchScreen.storyboard; sourceTree = "<group>"; };
		912D777B2229285A00E43851 /* Info.plist */ = {isa = PBXFileReference; lastKnownFileType = text.plist.xml; path = Info.plist; sourceTree = "<group>"; };
		912D77802229285B00E43851 /* HostageTests.xctest */ = {isa = PBXFileReference; explicitFileType = wrapper.cfbundle; includeInIndex = 0; path = HostageTests.xctest; sourceTree = BUILT_PRODUCTS_DIR; };
		912D77842229285B00E43851 /* HostageTests.swift */ = {isa = PBXFileReference; lastKnownFileType = sourcecode.swift; path = HostageTests.swift; sourceTree = "<group>"; };
		912D77862229285B00E43851 /* Info.plist */ = {isa = PBXFileReference; lastKnownFileType = text.plist.xml; path = Info.plist; sourceTree = "<group>"; };
		912D778B2229285B00E43851 /* HostageUITests.xctest */ = {isa = PBXFileReference; explicitFileType = wrapper.cfbundle; includeInIndex = 0; path = HostageUITests.xctest; sourceTree = BUILT_PRODUCTS_DIR; };
		912D778F2229285B00E43851 /* HostageUITests.swift */ = {isa = PBXFileReference; lastKnownFileType = sourcecode.swift; path = HostageUITests.swift; sourceTree = "<group>"; };
		912D77912229285B00E43851 /* Info.plist */ = {isa = PBXFileReference; lastKnownFileType = text.plist.xml; path = Info.plist; sourceTree = "<group>"; };
/* End PBXFileReference section */

/* Begin PBXFrameworksBuildPhase section */
		912D77692229285A00E43851 /* Frameworks */ = {
			isa = PBXFrameworksBuildPhase;
			buildActionMask = 2147483647;
			files = (
			);
			runOnlyForDeploymentPostprocessing = 0;
		};
		912D777D2229285B00E43851 /* Frameworks */ = {
			isa = PBXFrameworksBuildPhase;
			buildActionMask = 2147483647;
			files = (
			);
			runOnlyForDeploymentPostprocessing = 0;
		};
		912D77882229285B00E43851 /* Frameworks */ = {
			isa = PBXFrameworksBuildPhase;
			buildActionMask = 2147483647;
			files = (
			);
			runOnlyForDeploymentPostprocessing = 0;
		};
/* End PBXFrameworksBuildPhase section */

/* Begin PBXGroup section */
		39A426882253627E00B1E9E0 /* Sounds */ = {
			isa = PBXGroup;
			children = (
				39A4268D225363B600B1E9E0 /* hostage_soundtrack.wav */,
				39A4269A22536B4300B1E9E0 /* free1.wav */,
				39A4269D22536B4600B1E9E0 /* free2.wav */,
				39A426A022536B4C00B1E9E0 /* free3.wav */,
				39A426A322536B4F00B1E9E0 /* free4.wav */,
				39A426A622536B5300B1E9E0 /* free5.wav */,
				39A426B522536B6700B1E9E0 /* die1.wav */,
				39A426B822536B6B00B1E9E0 /* die2.wav */,
				39A426BB22536B6E00B1E9E0 /* die3.wav */,
				39A426BE22536B7100B1E9E0 /* die4.wav */,
				39A426C122536B7400B1E9E0 /* die5.wav */,
				39A426C422536B7700B1E9E0 /* die6.wav */,
			);
			name = Sounds;
			path = Fonts/Fonts/Sounds;
			sourceTree = "<group>";
		};
		39C2BA1322522B930016EEF2 /* Fonts */ = {
			isa = PBXGroup;
			children = (
			);
			path = Fonts;
			sourceTree = "<group>";
		};
		912D77632229285A00E43851 = {
			isa = PBXGroup;
			children = (
				912D776E2229285A00E43851 /* Hostage */,
				912D77832229285B00E43851 /* HostageTests */,
				912D778E2229285B00E43851 /* HostageUITests */,
				912D776D2229285A00E43851 /* Products */,
				39C2BA1322522B930016EEF2 /* Fonts */,
				39A426882253627E00B1E9E0 /* Sounds */,
			);
			sourceTree = "<group>";
		};
		912D776D2229285A00E43851 /* Products */ = {
			isa = PBXGroup;
			children = (
				912D776C2229285A00E43851 /* Hostage.app */,
				912D77802229285B00E43851 /* HostageTests.xctest */,
				912D778B2229285B00E43851 /* HostageUITests.xctest */,
			);
			name = Products;
			sourceTree = "<group>";
		};
		912D776E2229285A00E43851 /* Hostage */ = {
			isa = PBXGroup;
			children = (
				9116AEA4222E92F300F2A6C9 /* Game.swift */,
				912D77712229285A00E43851 /* ViewController.swift */,
				396804932231367C00DB8273 /* Model.swift */,
				912D77732229285A00E43851 /* Main.storyboard */,
				912D77762229285A00E43851 /* Assets.xcassets */,
				912D77782229285A00E43851 /* LaunchScreen.storyboard */,
				912D777B2229285A00E43851 /* Info.plist */,
				396804952231369300DB8273 /* Declarative.swift */,
				912D776F2229285A00E43851 /* AppDelegate.swift */,
				396804A3223139E100DB8273 /* Parser.swift */,
				3968049B223138A200DB8273 /* BufferAction.swift */,
				3968049A223138A200DB8273 /* BufferCondition.swift */,
				396804AD2231462500DB8273 /* SlotAction.swift */,
				396804AB2231462500DB8273 /* SlotCondition.swift */,
				396804AC2231462500DB8273 /* Tokenizer.swift */,
				396804A922313E8200DB8273 /* Instantiation.swift */,
				3968049D223138A200DB8273 /* Procedural.swift */,
				39680499223138A200DB8273 /* Production.swift */,
				396804A622313A2900DB8273 /* Support.swift */,
				396804A522313A2900DB8273 /* Vision.swift */,
				3968049C223138A200DB8273 /* Temporal.swift */,
				396804962231369300DB8273 /* Chunk.swift */,
			);
			path = Hostage;
			sourceTree = "<group>";
		};
		912D77832229285B00E43851 /* HostageTests */ = {
			isa = PBXGroup;
			children = (
				912D77842229285B00E43851 /* HostageTests.swift */,
				912D77862229285B00E43851 /* Info.plist */,
			);
			path = HostageTests;
			sourceTree = "<group>";
		};
		912D778E2229285B00E43851 /* HostageUITests */ = {
			isa = PBXGroup;
			children = (
				912D778F2229285B00E43851 /* HostageUITests.swift */,
				912D77912229285B00E43851 /* Info.plist */,
			);
			path = HostageUITests;
			sourceTree = "<group>";
		};
/* End PBXGroup section */

/* Begin PBXNativeTarget section */
		912D776B2229285A00E43851 /* Hostage */ = {
			isa = PBXNativeTarget;
			buildConfigurationList = 912D77942229285B00E43851 /* Build configuration list for PBXNativeTarget "Hostage" */;
			buildPhases = (
				912D77682229285A00E43851 /* Sources */,
				912D77692229285A00E43851 /* Frameworks */,
				912D776A2229285A00E43851 /* Resources */,
			);
			buildRules = (
			);
			dependencies = (
			);
			name = Hostage;
			productName = Hostage;
			productReference = 912D776C2229285A00E43851 /* Hostage.app */;
			productType = "com.apple.product-type.application";
		};
		912D777F2229285B00E43851 /* HostageTests */ = {
			isa = PBXNativeTarget;
			buildConfigurationList = 912D77972229285B00E43851 /* Build configuration list for PBXNativeTarget "HostageTests" */;
			buildPhases = (
				912D777C2229285B00E43851 /* Sources */,
				912D777D2229285B00E43851 /* Frameworks */,
				912D777E2229285B00E43851 /* Resources */,
			);
			buildRules = (
			);
			dependencies = (
				912D77822229285B00E43851 /* PBXTargetDependency */,
			);
			name = HostageTests;
			productName = HostageTests;
			productReference = 912D77802229285B00E43851 /* HostageTests.xctest */;
			productType = "com.apple.product-type.bundle.unit-test";
		};
		912D778A2229285B00E43851 /* HostageUITests */ = {
			isa = PBXNativeTarget;
			buildConfigurationList = 912D779A2229285B00E43851 /* Build configuration list for PBXNativeTarget "HostageUITests" */;
			buildPhases = (
				912D77872229285B00E43851 /* Sources */,
				912D77882229285B00E43851 /* Frameworks */,
				912D77892229285B00E43851 /* Resources */,
			);
			buildRules = (
			);
			dependencies = (
				912D778D2229285B00E43851 /* PBXTargetDependency */,
			);
			name = HostageUITests;
			productName = HostageUITests;
			productReference = 912D778B2229285B00E43851 /* HostageUITests.xctest */;
			productType = "com.apple.product-type.bundle.ui-testing";
		};
/* End PBXNativeTarget section */

/* Begin PBXProject section */
		912D77642229285A00E43851 /* Project object */ = {
			isa = PBXProject;
			attributes = {
				LastSwiftUpdateCheck = 1010;
				LastUpgradeCheck = 1010;
				ORGANIZATIONNAME = "J.W. de Wit";
				TargetAttributes = {
					912D776B2229285A00E43851 = {
						CreatedOnToolsVersion = 10.1;
					};
					912D777F2229285B00E43851 = {
						CreatedOnToolsVersion = 10.1;
						TestTargetID = 912D776B2229285A00E43851;
					};
					912D778A2229285B00E43851 = {
						CreatedOnToolsVersion = 10.1;
						TestTargetID = 912D776B2229285A00E43851;
					};
				};
			};
			buildConfigurationList = 912D77672229285A00E43851 /* Build configuration list for PBXProject "Hostage" */;
			compatibilityVersion = "Xcode 9.3";
			developmentRegion = en;
			hasScannedForEncodings = 0;
			knownRegions = (
				en,
				Base,
			);
			mainGroup = 912D77632229285A00E43851;
			productRefGroup = 912D776D2229285A00E43851 /* Products */;
			projectDirPath = "";
			projectRoot = "";
			targets = (
				912D776B2229285A00E43851 /* Hostage */,
				912D777F2229285B00E43851 /* HostageTests */,
				912D778A2229285B00E43851 /* HostageUITests */,
			);
		};
/* End PBXProject section */

/* Begin PBXResourcesBuildPhase section */
		912D776A2229285A00E43851 /* Resources */ = {
			isa = PBXResourcesBuildPhase;
			buildActionMask = 2147483647;
			files = (
				39A426B322536B6700B1E9E0 /* die1.wav in Resources */,
				39A426B622536B6B00B1E9E0 /* die2.wav in Resources */,
				39A4269822536B4300B1E9E0 /* free1.wav in Resources */,
				39A426A422536B5300B1E9E0 /* free5.wav in Resources */,
				912D777A2229285A00E43851 /* LaunchScreen.storyboard in Resources */,
				39A4269E22536B4C00B1E9E0 /* free3.wav in Resources */,
				912D77772229285A00E43851 /* Assets.xcassets in Resources */,
				39A426BF22536B7400B1E9E0 /* die5.wav in Resources */,
				39A426B922536B6E00B1E9E0 /* die3.wav in Resources */,
				39A426A122536B4F00B1E9E0 /* free4.wav in Resources */,
				39A4268B225363B600B1E9E0 /* hostage_soundtrack.wav in Resources */,
				39A426C222536B7700B1E9E0 /* die6.wav in Resources */,
				912D77752229285A00E43851 /* Main.storyboard in Resources */,
				39A4269B22536B4600B1E9E0 /* free2.wav in Resources */,
				39A426BC22536B7100B1E9E0 /* die4.wav in Resources */,
			);
			runOnlyForDeploymentPostprocessing = 0;
		};
		912D777E2229285B00E43851 /* Resources */ = {
			isa = PBXResourcesBuildPhase;
			buildActionMask = 2147483647;
			files = (
			);
			runOnlyForDeploymentPostprocessing = 0;
		};
		912D77892229285B00E43851 /* Resources */ = {
			isa = PBXResourcesBuildPhase;
			buildActionMask = 2147483647;
			files = (
			);
			runOnlyForDeploymentPostprocessing = 0;
		};
/* End PBXResourcesBuildPhase section */

/* Begin PBXSourcesBuildPhase section */
		912D77682229285A00E43851 /* Sources */ = {
			isa = PBXSourcesBuildPhase;
			buildActionMask = 2147483647;
			files = (
				396804972231369300DB8273 /* Declarative.swift in Sources */,
				3968049F223138A200DB8273 /* BufferCondition.swift in Sources */,
				9116AEA5222E92F300F2A6C9 /* Game.swift in Sources */,
				396804B02231462500DB8273 /* SlotAction.swift in Sources */,
				912D77722229285A00E43851 /* ViewController.swift in Sources */,
				912D77702229285A00E43851 /* AppDelegate.swift in Sources */,
				3968049E223138A200DB8273 /* Production.swift in Sources */,
				396804942231367C00DB8273 /* Model.swift in Sources */,
				396804AE2231462500DB8273 /* SlotCondition.swift in Sources */,
				396804AA22313E8200DB8273 /* Instantiation.swift in Sources */,
				396804A822313A2A00DB8273 /* Support.swift in Sources */,
				396804982231369300DB8273 /* Chunk.swift in Sources */,
				396804A4223139E100DB8273 /* Parser.swift in Sources */,
				396804AF2231462500DB8273 /* Tokenizer.swift in Sources */,
				396804A2223138A200DB8273 /* Procedural.swift in Sources */,
				396804A0223138A200DB8273 /* BufferAction.swift in Sources */,
				396804A722313A2A00DB8273 /* Vision.swift in Sources */,
				396804A1223138A200DB8273 /* Temporal.swift in Sources */,
			);
			runOnlyForDeploymentPostprocessing = 0;
		};
		912D777C2229285B00E43851 /* Sources */ = {
			isa = PBXSourcesBuildPhase;
			buildActionMask = 2147483647;
			files = (
				912D77852229285B00E43851 /* HostageTests.swift in Sources */,
			);
			runOnlyForDeploymentPostprocessing = 0;
		};
		912D77872229285B00E43851 /* Sources */ = {
			isa = PBXSourcesBuildPhase;
			buildActionMask = 2147483647;
			files = (
				912D77902229285B00E43851 /* HostageUITests.swift in Sources */,
			);
			runOnlyForDeploymentPostprocessing = 0;
		};
/* End PBXSourcesBuildPhase section */

/* Begin PBXTargetDependency section */
		912D77822229285B00E43851 /* PBXTargetDependency */ = {
			isa = PBXTargetDependency;
			target = 912D776B2229285A00E43851 /* Hostage */;
			targetProxy = 912D77812229285B00E43851 /* PBXContainerItemProxy */;
		};
		912D778D2229285B00E43851 /* PBXTargetDependency */ = {
			isa = PBXTargetDependency;
			target = 912D776B2229285A00E43851 /* Hostage */;
			targetProxy = 912D778C2229285B00E43851 /* PBXContainerItemProxy */;
		};
/* End PBXTargetDependency section */

/* Begin PBXVariantGroup section */
		39A4268D225363B600B1E9E0 /* hostage_soundtrack.wav */ = {
			isa = PBXVariantGroup;
			children = (
				39A4268C225363B600B1E9E0 /* Base */,
			);
			name = hostage_soundtrack.wav;
			sourceTree = "<group>";
		};
		39A4269A22536B4300B1E9E0 /* free1.wav */ = {
			isa = PBXVariantGroup;
			children = (
				39A4269922536B4300B1E9E0 /* Base */,
			);
			name = free1.wav;
			sourceTree = "<group>";
		};
		39A4269D22536B4600B1E9E0 /* free2.wav */ = {
			isa = PBXVariantGroup;
			children = (
				39A4269C22536B4600B1E9E0 /* Base */,
			);
			name = free2.wav;
			sourceTree = "<group>";
		};
		39A426A022536B4C00B1E9E0 /* free3.wav */ = {
			isa = PBXVariantGroup;
			children = (
				39A4269F22536B4C00B1E9E0 /* Base */,
			);
			name = free3.wav;
			sourceTree = "<group>";
		};
		39A426A322536B4F00B1E9E0 /* free4.wav */ = {
			isa = PBXVariantGroup;
			children = (
				39A426A222536B4F00B1E9E0 /* Base */,
			);
			name = free4.wav;
			sourceTree = "<group>";
		};
		39A426A622536B5300B1E9E0 /* free5.wav */ = {
			isa = PBXVariantGroup;
			children = (
				39A426A522536B5300B1E9E0 /* Base */,
			);
			name = free5.wav;
			sourceTree = "<group>";
		};
		39A426B522536B6700B1E9E0 /* die1.wav */ = {
			isa = PBXVariantGroup;
			children = (
				39A426B422536B6700B1E9E0 /* Base */,
			);
			name = die1.wav;
			sourceTree = "<group>";
		};
		39A426B822536B6B00B1E9E0 /* die2.wav */ = {
			isa = PBXVariantGroup;
			children = (
				39A426B722536B6B00B1E9E0 /* Base */,
			);
			name = die2.wav;
			sourceTree = "<group>";
		};
		39A426BB22536B6E00B1E9E0 /* die3.wav */ = {
			isa = PBXVariantGroup;
			children = (
				39A426BA22536B6E00B1E9E0 /* Base */,
			);
			name = die3.wav;
			sourceTree = "<group>";
		};
		39A426BE22536B7100B1E9E0 /* die4.wav */ = {
			isa = PBXVariantGroup;
			children = (
				39A426BD22536B7100B1E9E0 /* Base */,
			);
			name = die4.wav;
			sourceTree = "<group>";
		};
		39A426C122536B7400B1E9E0 /* die5.wav */ = {
			isa = PBXVariantGroup;
			children = (
				39A426C022536B7400B1E9E0 /* Base */,
			);
			name = die5.wav;
			sourceTree = "<group>";
		};
		39A426C422536B7700B1E9E0 /* die6.wav */ = {
			isa = PBXVariantGroup;
			children = (
				39A426C322536B7700B1E9E0 /* Base */,
			);
			name = die6.wav;
			sourceTree = "<group>";
		};
		912D77732229285A00E43851 /* Main.storyboard */ = {
			isa = PBXVariantGroup;
			children = (
				912D77742229285A00E43851 /* Base */,
			);
			name = Main.storyboard;
			sourceTree = "<group>";
		};
		912D77782229285A00E43851 /* LaunchScreen.storyboard */ = {
			isa = PBXVariantGroup;
			children = (
				912D77792229285A00E43851 /* Base */,
			);
			name = LaunchScreen.storyboard;
			sourceTree = "<group>";
		};
/* End PBXVariantGroup section */

/* Begin XCBuildConfiguration section */
		912D77922229285B00E43851 /* Debug */ = {
			isa = XCBuildConfiguration;
			buildSettings = {
				ALWAYS_SEARCH_USER_PATHS = NO;
				CLANG_ANALYZER_NONNULL = YES;
				CLANG_ANALYZER_NUMBER_OBJECT_CONVERSION = YES_AGGRESSIVE;
				CLANG_CXX_LANGUAGE_STANDARD = "gnu++14";
				CLANG_CXX_LIBRARY = "libc++";
				CLANG_ENABLE_MODULES = YES;
				CLANG_ENABLE_OBJC_ARC = YES;
				CLANG_ENABLE_OBJC_WEAK = YES;
				CLANG_WARN_BLOCK_CAPTURE_AUTORELEASING = YES;
				CLANG_WARN_BOOL_CONVERSION = YES;
				CLANG_WARN_COMMA = YES;
				CLANG_WARN_CONSTANT_CONVERSION = YES;
				CLANG_WARN_DEPRECATED_OBJC_IMPLEMENTATIONS = YES;
				CLANG_WARN_DIRECT_OBJC_ISA_USAGE = YES_ERROR;
				CLANG_WARN_DOCUMENTATION_COMMENTS = YES;
				CLANG_WARN_EMPTY_BODY = YES;
				CLANG_WARN_ENUM_CONVERSION = YES;
				CLANG_WARN_INFINITE_RECURSION = YES;
				CLANG_WARN_INT_CONVERSION = YES;
				CLANG_WARN_NON_LITERAL_NULL_CONVERSION = YES;
				CLANG_WARN_OBJC_IMPLICIT_RETAIN_SELF = YES;
				CLANG_WARN_OBJC_LITERAL_CONVERSION = YES;
				CLANG_WARN_OBJC_ROOT_CLASS = YES_ERROR;
				CLANG_WARN_RANGE_LOOP_ANALYSIS = YES;
				CLANG_WARN_STRICT_PROTOTYPES = YES;
				CLANG_WARN_SUSPICIOUS_MOVE = YES;
				CLANG_WARN_UNGUARDED_AVAILABILITY = YES_AGGRESSIVE;
				CLANG_WARN_UNREACHABLE_CODE = YES;
				CLANG_WARN__DUPLICATE_METHOD_MATCH = YES;
				CODE_SIGN_IDENTITY = "iPhone Developer";
				CODE_SIGN_INJECT_BASE_ENTITLEMENTS = YES;
				COPY_PHASE_STRIP = NO;
				DEBUG_INFORMATION_FORMAT = dwarf;
				ENABLE_STRICT_OBJC_MSGSEND = YES;
				ENABLE_TESTABILITY = YES;
				GCC_C_LANGUAGE_STANDARD = gnu11;
				GCC_DYNAMIC_NO_PIC = NO;
				GCC_NO_COMMON_BLOCKS = YES;
				GCC_OPTIMIZATION_LEVEL = 0;
				GCC_PREPROCESSOR_DEFINITIONS = (
					"DEBUG=1",
					"$(inherited)",
				);
				GCC_WARN_64_TO_32_BIT_CONVERSION = YES;
				GCC_WARN_ABOUT_RETURN_TYPE = YES_ERROR;
				GCC_WARN_UNDECLARED_SELECTOR = YES;
				GCC_WARN_UNINITIALIZED_AUTOS = YES_AGGRESSIVE;
				GCC_WARN_UNUSED_FUNCTION = YES;
				GCC_WARN_UNUSED_VARIABLE = YES;
				IPHONEOS_DEPLOYMENT_TARGET = 12.1;
				MTL_ENABLE_DEBUG_INFO = INCLUDE_SOURCE;
				MTL_FAST_MATH = YES;
				ONLY_ACTIVE_ARCH = YES;
				SDKROOT = iphoneos;
				SWIFT_ACTIVE_COMPILATION_CONDITIONS = DEBUG;
				SWIFT_OPTIMIZATION_LEVEL = "-Onone";
			};
			name = Debug;
		};
		912D77932229285B00E43851 /* Release */ = {
			isa = XCBuildConfiguration;
			buildSettings = {
				ALWAYS_SEARCH_USER_PATHS = NO;
				CLANG_ANALYZER_NONNULL = YES;
				CLANG_ANALYZER_NUMBER_OBJECT_CONVERSION = YES_AGGRESSIVE;
				CLANG_CXX_LANGUAGE_STANDARD = "gnu++14";
				CLANG_CXX_LIBRARY = "libc++";
				CLANG_ENABLE_MODULES = YES;
				CLANG_ENABLE_OBJC_ARC = YES;
				CLANG_ENABLE_OBJC_WEAK = YES;
				CLANG_WARN_BLOCK_CAPTURE_AUTORELEASING = YES;
				CLANG_WARN_BOOL_CONVERSION = YES;
				CLANG_WARN_COMMA = YES;
				CLANG_WARN_CONSTANT_CONVERSION = YES;
				CLANG_WARN_DEPRECATED_OBJC_IMPLEMENTATIONS = YES;
				CLANG_WARN_DIRECT_OBJC_ISA_USAGE = YES_ERROR;
				CLANG_WARN_DOCUMENTATION_COMMENTS = YES;
				CLANG_WARN_EMPTY_BODY = YES;
				CLANG_WARN_ENUM_CONVERSION = YES;
				CLANG_WARN_INFINITE_RECURSION = YES;
				CLANG_WARN_INT_CONVERSION = YES;
				CLANG_WARN_NON_LITERAL_NULL_CONVERSION = YES;
				CLANG_WARN_OBJC_IMPLICIT_RETAIN_SELF = YES;
				CLANG_WARN_OBJC_LITERAL_CONVERSION = YES;
				CLANG_WARN_OBJC_ROOT_CLASS = YES_ERROR;
				CLANG_WARN_RANGE_LOOP_ANALYSIS = YES;
				CLANG_WARN_STRICT_PROTOTYPES = YES;
				CLANG_WARN_SUSPICIOUS_MOVE = YES;
				CLANG_WARN_UNGUARDED_AVAILABILITY = YES_AGGRESSIVE;
				CLANG_WARN_UNREACHABLE_CODE = YES;
				CLANG_WARN__DUPLICATE_METHOD_MATCH = YES;
				CODE_SIGN_IDENTITY = "iPhone Developer";
				CODE_SIGN_INJECT_BASE_ENTITLEMENTS = YES;
				COPY_PHASE_STRIP = NO;
				DEBUG_INFORMATION_FORMAT = "dwarf-with-dsym";
				ENABLE_NS_ASSERTIONS = NO;
				ENABLE_STRICT_OBJC_MSGSEND = YES;
				GCC_C_LANGUAGE_STANDARD = gnu11;
				GCC_NO_COMMON_BLOCKS = YES;
				GCC_WARN_64_TO_32_BIT_CONVERSION = YES;
				GCC_WARN_ABOUT_RETURN_TYPE = YES_ERROR;
				GCC_WARN_UNDECLARED_SELECTOR = YES;
				GCC_WARN_UNINITIALIZED_AUTOS = YES_AGGRESSIVE;
				GCC_WARN_UNUSED_FUNCTION = YES;
				GCC_WARN_UNUSED_VARIABLE = YES;
				IPHONEOS_DEPLOYMENT_TARGET = 12.1;
				MTL_ENABLE_DEBUG_INFO = NO;
				MTL_FAST_MATH = YES;
				SDKROOT = iphoneos;
				SWIFT_COMPILATION_MODE = wholemodule;
				SWIFT_OPTIMIZATION_LEVEL = "-O";
				VALIDATE_PRODUCT = YES;
			};
			name = Release;
		};
		912D77952229285B00E43851 /* Debug */ = {
			isa = XCBuildConfiguration;
			buildSettings = {
				ASSETCATALOG_COMPILER_APPICON_NAME = AppIcon;
				CODE_SIGN_STYLE = Automatic;
				DEVELOPMENT_TEAM = 84FTXP87VD;
				INFOPLIST_FILE = Hostage/Info.plist;
				LD_RUNPATH_SEARCH_PATHS = (
					"$(inherited)",
					"@executable_path/Frameworks",
				);
				PRODUCT_BUNDLE_IDENTIFIER = CogMod.Hostage;
				PRODUCT_NAME = "$(TARGET_NAME)";
				SWIFT_VERSION = 4.2;
				TARGETED_DEVICE_FAMILY = "1,2";
			};
			name = Debug;
		};
		912D77962229285B00E43851 /* Release */ = {
			isa = XCBuildConfiguration;
			buildSettings = {
				ASSETCATALOG_COMPILER_APPICON_NAME = AppIcon;
				CODE_SIGN_STYLE = Automatic;
				DEVELOPMENT_TEAM = 84FTXP87VD;
				INFOPLIST_FILE = Hostage/Info.plist;
				LD_RUNPATH_SEARCH_PATHS = (
					"$(inherited)",
					"@executable_path/Frameworks",
				);
				PRODUCT_BUNDLE_IDENTIFIER = CogMod.Hostage;
				PRODUCT_NAME = "$(TARGET_NAME)";
				SWIFT_VERSION = 4.2;
				TARGETED_DEVICE_FAMILY = "1,2";
			};
			name = Release;
		};
		912D77982229285B00E43851 /* Debug */ = {
			isa = XCBuildConfiguration;
			buildSettings = {
				ALWAYS_EMBED_SWIFT_STANDARD_LIBRARIES = YES;
				BUNDLE_LOADER = "$(TEST_HOST)";
				CODE_SIGN_STYLE = Automatic;
				INFOPLIST_FILE = HostageTests/Info.plist;
				LD_RUNPATH_SEARCH_PATHS = (
					"$(inherited)",
					"@executable_path/Frameworks",
					"@loader_path/Frameworks",
				);
				PRODUCT_BUNDLE_IDENTIFIER = CogMod.HostageTests;
				PRODUCT_NAME = "$(TARGET_NAME)";
				SWIFT_VERSION = 4.2;
				TARGETED_DEVICE_FAMILY = "1,2";
				TEST_HOST = "$(BUILT_PRODUCTS_DIR)/Hostage.app/Hostage";
			};
			name = Debug;
		};
		912D77992229285B00E43851 /* Release */ = {
			isa = XCBuildConfiguration;
			buildSettings = {
				ALWAYS_EMBED_SWIFT_STANDARD_LIBRARIES = YES;
				BUNDLE_LOADER = "$(TEST_HOST)";
				CODE_SIGN_STYLE = Automatic;
				INFOPLIST_FILE = HostageTests/Info.plist;
				LD_RUNPATH_SEARCH_PATHS = (
					"$(inherited)",
					"@executable_path/Frameworks",
					"@loader_path/Frameworks",
				);
				PRODUCT_BUNDLE_IDENTIFIER = CogMod.HostageTests;
				PRODUCT_NAME = "$(TARGET_NAME)";
				SWIFT_VERSION = 4.2;
				TARGETED_DEVICE_FAMILY = "1,2";
				TEST_HOST = "$(BUILT_PRODUCTS_DIR)/Hostage.app/Hostage";
			};
			name = Release;
		};
		912D779B2229285B00E43851 /* Debug */ = {
			isa = XCBuildConfiguration;
			buildSettings = {
				ALWAYS_EMBED_SWIFT_STANDARD_LIBRARIES = YES;
				CODE_SIGN_STYLE = Automatic;
				INFOPLIST_FILE = HostageUITests/Info.plist;
				LD_RUNPATH_SEARCH_PATHS = (
					"$(inherited)",
					"@executable_path/Frameworks",
					"@loader_path/Frameworks",
				);
				PRODUCT_BUNDLE_IDENTIFIER = CogMod.HostageUITests;
				PRODUCT_NAME = "$(TARGET_NAME)";
				SWIFT_VERSION = 4.2;
				TARGETED_DEVICE_FAMILY = "1,2";
				TEST_TARGET_NAME = Hostage;
			};
			name = Debug;
		};
		912D779C2229285B00E43851 /* Release */ = {
			isa = XCBuildConfiguration;
			buildSettings = {
				ALWAYS_EMBED_SWIFT_STANDARD_LIBRARIES = YES;
				CODE_SIGN_STYLE = Automatic;
				INFOPLIST_FILE = HostageUITests/Info.plist;
				LD_RUNPATH_SEARCH_PATHS = (
					"$(inherited)",
					"@executable_path/Frameworks",
					"@loader_path/Frameworks",
				);
				PRODUCT_BUNDLE_IDENTIFIER = CogMod.HostageUITests;
				PRODUCT_NAME = "$(TARGET_NAME)";
				SWIFT_VERSION = 4.2;
				TARGETED_DEVICE_FAMILY = "1,2";
				TEST_TARGET_NAME = Hostage;
			};
			name = Release;
		};
/* End XCBuildConfiguration section */

/* Begin XCConfigurationList section */
		912D77672229285A00E43851 /* Build configuration list for PBXProject "Hostage" */ = {
			isa = XCConfigurationList;
			buildConfigurations = (
				912D77922229285B00E43851 /* Debug */,
				912D77932229285B00E43851 /* Release */,
			);
			defaultConfigurationIsVisible = 0;
			defaultConfigurationName = Release;
		};
		912D77942229285B00E43851 /* Build configuration list for PBXNativeTarget "Hostage" */ = {
			isa = XCConfigurationList;
			buildConfigurations = (
				912D77952229285B00E43851 /* Debug */,
				912D77962229285B00E43851 /* Release */,
			);
			defaultConfigurationIsVisible = 0;
			defaultConfigurationName = Release;
		};
		912D77972229285B00E43851 /* Build configuration list for PBXNativeTarget "HostageTests" */ = {
			isa = XCConfigurationList;
			buildConfigurations = (
				912D77982229285B00E43851 /* Debug */,
				912D77992229285B00E43851 /* Release */,
			);
			defaultConfigurationIsVisible = 0;
			defaultConfigurationName = Release;
		};
		912D779A2229285B00E43851 /* Build configuration list for PBXNativeTarget "HostageUITests" */ = {
			isa = XCConfigurationList;
			buildConfigurations = (
				912D779B2229285B00E43851 /* Debug */,
				912D779C2229285B00E43851 /* Release */,
			);
			defaultConfigurationIsVisible = 0;
			defaultConfigurationName = Release;
		};
/* End XCConfigurationList section */
	};
	rootObject = 912D77642229285A00E43851 /* Project object */;
}
